
Microsoft Visual Studio Solution File, Format Version 12.00
# Visual Studio 15
VisualStudioVersion = 15.0.27130.2036
MinimumVisualStudioVersion = 10.0.40219.1
Project("{FAE04EC0-301F-11D3-BF4B-00C04F79EFBC}") = "Serilog.Enrichers.HttpContextData", "Serilog.Enrichers.HttpContextData\Serilog.Enrichers.HttpContextData.csproj", "{E02FA781-123F-470E-8BE6-B5A4C3DE1187}"
EndProject
Global
	GlobalSection(SolutionConfigurationPlatforms) = preSolution
		Debug|Any CPU = Debug|Any CPU
		Release|Any CPU = Release|Any CPU
	EndGlobalSection
	GlobalSection(ProjectConfigurationPlatforms) = postSolution
		{E02FA781-123F-470E-8BE6-B5A4C3DE1187}.Debug|Any CPU.ActiveCfg = Debug|Any CPU
		{E02FA781-123F-470E-8BE6-B5A4C3DE1187}.Debug|Any CPU.Build.0 = Debug|Any CPU
		{E02FA781-123F-470E-8BE6-B5A4C3DE1187}.Release|Any CPU.ActiveCfg = Release|Any CPU
		{E02FA781-123F-470E-8BE6-B5A4C3DE1187}.Release|Any CPU.Build.0 = Release|Any CPU
	EndGlobalSection
	GlobalSection(SolutionProperties) = preSolution
		HideSolutionNode = FALSE
	EndGlobalSection
	GlobalSection(ExtensibilityGlobals) = postSolution
		SolutionGuid = {D226EF79-4A88-41B8-A6B6-B8E38AA7BC7B}
	EndGlobalSection
EndGlobal
